Microsoft Visual Studio Solution File, Format Version 12.00
# Visual Studio Version 17
VisualStudioVersion = 17.5.2.0
MinimumVisualStudioVersion = 10.0.40219.1
Project("{FAE04EC0-301F-11D3-BF4B-00C04F79EFBC}") = "UrbanTechInvoicingTests", "UrbanTechInvoicingTests.csproj", "{CBEFE484-640D-06D7-2F8D-F16E9A38D4C8}"
EndProject
Global
	GlobalSection(SolutionConfigurationPlatforms) = preSolution
		Debug|Any CPU = Debug|Any CPU
		Release|Any CPU = Release|Any CPU
	EndGlobalSection
	GlobalSection(ProjectConfigurationPlatforms) = postSolution
		{CBEFE484-640D-06D7-2F8D-F16E9A38D4C8}.Debug|Any CPU.ActiveCfg = Debug|Any CPU
		{CBEFE484-640D-06D7-2F8D-F16E9A38D4C8}.Debug|Any CPU.Build.0 = Debug|Any CPU
		{CBEFE484-640D-06D7-2F8D-F16E9A38D4C8}.Release|Any CPU.ActiveCfg = Release|Any CPU
		{CBEFE484-640D-06D7-2F8D-F16E9A38D4C8}.Release|Any CPU.Build.0 = Release|Any CPU
	EndGlobalSection
	GlobalSection(SolutionProperties) = preSolution
		HideSolutionNode = FALSE
	EndGlobalSection
	GlobalSection(ExtensibilityGlobals) = postSolution
		SolutionGuid = {74242323-9AB1-4EF0-85CE-536864D2A48C}
	EndGlobalSection
EndGlobal
